
Microsoft Visual Studio Solution File, Format Version 12.00
# Visual Studio 2013
VisualStudioVersion = 12.0.31101.0
MinimumVisualStudioVersion = 10.0.40219.1
Project("{FAE04EC0-301F-11D3-BF4B-00C04F79EFBC}") = "MusicStore2", "MusicStore2\MusicStore2.csproj", "{A704D852-CA4E-49BF-9584-B54D2CFCD8EE}"
EndProject
Project("{FAE04EC0-301F-11D3-BF4B-00C04F79EFBC}") = "MusicStore2.Tests", "MusicStore2.Tests\MusicStore2.Tests.csproj", "{678BDEBD-E8CE-4865-96A8-B8F3A35F5984}"
EndProject
Global
	GlobalSection(SolutionConfigurationPlatforms) = preSolution
		Debug|Any CPU = Debug|Any CPU
		Release|Any CPU = Release|Any CPU
	EndGlobalSection
	GlobalSection(ProjectConfigurationPlatforms) = postSolution
		{A704D852-CA4E-49BF-9584-B54D2CFCD8EE}.Debug|Any CPU.ActiveCfg = Debug|Any CPU
		{A704D852-CA4E-49BF-9584-B54D2CFCD8EE}.Debug|Any CPU.Build.0 = Debug|Any CPU
		{A704D852-CA4E-49BF-9584-B54D2CFCD8EE}.Release|Any CPU.ActiveCfg = Release|Any CPU
		{A704D852-CA4E-49BF-9584-B54D2CFCD8EE}.Release|Any CPU.Build.0 = Release|Any CPU
		{678BDEBD-E8CE-4865-96A8-B8F3A35F5984}.Debug|Any CPU.ActiveCfg = Debug|Any CPU
		{678BDEBD-E8CE-4865-96A8-B8F3A35F5984}.Debug|Any CPU.Build.0 = Debug|Any CPU
		{678BDEBD-E8CE-4865-96A8-B8F3A35F5984}.Release|Any CPU.ActiveCfg = Release|Any CPU
		{678BDEBD-E8CE-4865-96A8-B8F3A35F5984}.Release|Any CPU.Build.0 = Release|Any CPU
	EndGlobalSection
	GlobalSection(SolutionProperties) = preSolution
		HideSolutionNode = FALSE
	EndGlobalSection
EndGlobal
